
Microsoft Visual Studio Solution File, Format Version 12.00
# Visual Studio 2012
Project("{FAE04EC0-301F-11D3-BF4B-00C04F79EFBC}") = "duAnGameCoTuong_theHe2", "duAnGameCoTuong_theHe2\duAnGameCoTuong_theHe2.csproj", "{0296A837-08D3-44AC-BDFB-59815FDD6145}"
EndProject
Global
	GlobalSection(SolutionConfigurationPlatforms) = preSolution
		Debug|Any CPU = Debug|Any CPU
		Release|Any CPU = Release|Any CPU
	EndGlobalSection
	GlobalSection(ProjectConfigurationPlatforms) = postSolution
		{0296A837-08D3-44AC-BDFB-59815FDD6145}.Debug|Any CPU.ActiveCfg = Debug|Any CPU
		{0296A837-08D3-44AC-BDFB-59815FDD6145}.Debug|Any CPU.Build.0 = Debug|Any CPU
		{0296A837-08D3-44AC-BDFB-59815FDD6145}.Release|Any CPU.ActiveCfg = Release|Any CPU
		{0296A837-08D3-44AC-BDFB-59815FDD6145}.Release|Any CPU.Build.0 = Release|Any CPU
	EndGlobalSection
	GlobalSection(SolutionProperties) = preSolution
		HideSolutionNode = FALSE
	EndGlobalSection
EndGlobal
